
Microsoft Visual Studio Solution File, Format Version 12.00
# Visual Studio 15
VisualStudioVersion = 15.0.28010.2036
MinimumVisualStudioVersion = 10.0.40219.1
Project("{FAE04EC0-301F-11D3-BF4B-00C04F79EFBC}") = "PageWatcher", "PageWatcher\PageWatcher.csproj", "{6F2D3406-6AAE-4D09-B920-905E864130CB}"
EndProject
Global
	GlobalSection(SolutionConfigurationPlatforms) = preSolution
		Debug|Any CPU = Debug|Any CPU
		Release|Any CPU = Release|Any CPU
	EndGlobalSection
	GlobalSection(ProjectConfigurationPlatforms) = postSolution
		{6F2D3406-6AAE-4D09-B920-905E864130CB}.Debug|Any CPU.ActiveCfg = Debug|Any CPU
		{6F2D3406-6AAE-4D09-B920-905E864130CB}.Debug|Any CPU.Build.0 = Debug|Any CPU
		{6F2D3406-6AAE-4D09-B920-905E864130CB}.Release|Any CPU.ActiveCfg = Release|Any CPU
		{6F2D3406-6AAE-4D09-B920-905E864130CB}.Release|Any CPU.Build.0 = Release|Any CPU
	EndGlobalSection
	GlobalSection(SolutionProperties) = preSolution
		HideSolutionNode = FALSE
	EndGlobalSection
	GlobalSection(ExtensibilityGlobals) = postSolution
		SolutionGuid = {6D2E2256-009E-4F07-9D58-71AF7F1AE56C}
	EndGlobalSection
EndGlobal
